{
  "nodes": {
    "flake-utils": {
      "locked": {
        "lastModified": 1652776076,
        "narHash": "sha256-gzTw/v1vj4dOVbpBSJX4J0DwUR6LIyXo7/SuuTJp1kM=",
        "owner": "numtide",
        "repo": "flake-utils",
        "rev": "04c1b180862888302ddfb2e3ad9eaa63afc60cf8",
        "type": "github"
      },
      "original": {
        "owner": "numtide",
        "ref": "v1.0.0",
        "repo": "flake-utils",
        "type": "github"
      }
    },
    "llzk-lib": {
      "inputs": {
        "flake-utils": [
          "llzk-pkgs",
          "flake-utils"
        ],
        "llzk-pkgs": [
          "llzk-pkgs"
        ],
        "nixpkgs": [
          "llzk-pkgs",
          "nixpkgs"
        ],
        "pcl-mlir-pkg": [
          "pcl-mlir-pkg"
        ],
        "release-helpers": "release-helpers"
      },
      "locked": {
        "lastModified": 1772216898,
        "narHash": "sha256-qms7e90+YDvO+MeylQwxiBJi02V4uE6cUQB5O3AdLgg=",
        "owner": "project-llzk",
        "repo": "llzk-lib",
        "rev": "acd5616f685e5a7f6d3cb83cde36fe0b5ba95168",
        "type": "github"
      },
      "original": {
        "owner": "project-llzk",
        "repo": "llzk-lib",
        "type": "github"
      }
    },
    "llzk-pkgs": {
      "inputs": {
        "flake-utils": "flake-utils",
        "nixpkgs": "nixpkgs"
      },
      "locked": {
        "lastModified": 1768329036,
        "narHash": "sha256-aScxpJJ7VMDETL4hi+6Pojxb4VwKucW0VwOPCZDt53Q=",
        "owner": "project-llzk",
        "repo": "llzk-nix-pkgs",
        "rev": "830b084608fe510c2bd2612bf66def7cdabf7cf7",
        "type": "github"
      },
      "original": {
        "owner": "project-llzk",
        "repo": "llzk-nix-pkgs",
        "type": "github"
      }
    },
    "nixpkgs": {
      "locked": {
        "lastModified": 1768302833,
        "narHash": "sha256-h5bRFy9bco+8QcK7rGoOiqMxMbmn21moTACofNLRMP4=",
        "owner": "NixOS",
        "repo": "nixpkgs",
        "rev": "61db79b0c6b838d9894923920b612048e1201926",
        "type": "github"
      },
      "original": {
        "owner": "NixOS",
        "ref": "nixpkgs-unstable",
        "repo": "nixpkgs",
        "type": "github"
      }
    },
    "pcl-mlir-pkg": {
      "inputs": {
        "flake-utils": [
          "llzk-pkgs",
          "flake-utils"
        ],
        "nixpkgs": [
          "llzk-pkgs",
          "nixpkgs"
        ],
        "release-helpers": [
          "release-helpers"
        ],
        "shared-pkgs": [
          "llzk-pkgs"
        ]
      },
      "locked": {
        "lastModified": 1762544039,
        "narHash": "sha256-Esd4SAzUt5G3esTa6fTmivKpRScEROwSME4nN/SAU4w=",
        "owner": "Veridise",
        "repo": "pcl-mlir",
        "rev": "55cf619b032314198aacafc305871fb66b12b70e",
        "type": "github"
      },
      "original": {
        "owner": "Veridise",
        "repo": "pcl-mlir",
        "type": "github"
      }
    },
    "release-helpers": {
      "inputs": {
        "flake-utils": [
          "llzk-lib",
          "llzk-pkgs",
          "flake-utils"
        ],
        "nixpkgs": [
          "llzk-lib",
          "llzk-pkgs",
          "nixpkgs"
        ]
      },
      "locked": {
        "lastModified": 1747068965,
        "narHash": "sha256-px7s7IVHnR3SiShc7FKCUiL6vfqew5AM6jnkH7qO03I=",
        "owner": "project-llzk",
        "repo": "open-source-release-helpers",
        "rev": "c3d1ab6082cc62b167927d074f2836f290b9e3b7",
        "type": "github"
      },
      "original": {
        "owner": "project-llzk",
        "repo": "open-source-release-helpers",
        "type": "github"
      }
    },
    "root": {
      "inputs": {
        "flake-utils": [
          "llzk-pkgs",
          "flake-utils"
        ],
        "llzk-lib": "llzk-lib",
        "llzk-pkgs": "llzk-pkgs",
        "nixpkgs": [
          "llzk-pkgs",
          "nixpkgs"
        ],
        "pcl-mlir-pkg": "pcl-mlir-pkg",
        "release-helpers": [
          "llzk-lib",
          "release-helpers"
        ]
      }
    }
  },
  "root": "root",
  "version": 7
}
